// !$*UTF8*$!
{
	archiveVersion = 1;
	classes = {
	};
	objectVersion = 48;
	objects = {

/* Begin PBXBuildFile section */
		3D26154E22569CB200D9F0F8 /* SweepPluginProfileAndPath.swift in Sources */ = {isa = PBXBuildFile; fileRef = 3D26154D22569CB200D9F0F8 /* SweepPluginProfileAndPath.swift */; };
		3D3450822261F5650017DB39 /* ARPRevolution.swift in Sources */ = {isa = PBXBuildFile; fileRef = 3D3450812261F5650017DB39 /* ARPRevolution.swift */; };
		3D34508522646D920017DB39 /* CurveDesigner.swift in Sources */ = {isa = PBXBuildFile; fileRef = 3D34508422646D920017DB39 /* CurveDesigner.swift */; };
		3D345087226470D30017DB39 /* ButtonEvents.swift in Sources */ = {isa = PBXBuildFile; fileRef = 3D345086226470D30017DB39 /* ButtonEvents.swift */; };
		3D34508922647C7F0017DB39 /* RevolvePluginProfileAndAxis.swift in Sources */ = {isa = PBXBuildFile; fileRef = 3D34508822647C7F0017DB39 /* RevolvePluginProfileAndAxis.swift */; };
		3D34508D2265C1850017DB39 /* LoftPlugin.swift in Sources */ = {isa = PBXBuildFile; fileRef = 3D34508C2265C1850017DB39 /* LoftPlugin.swift */; };
		3D34508F226617100017DB39 /* ARPLoft.swift in Sources */ = {isa = PBXBuildFile; fileRef = 3D34508E2266170F0017DB39 /* ARPLoft.swift */; };
		3D3AC4352269FAA800331696 /* ArrangePlugin.swift in Sources */ = {isa = PBXBuildFile; fileRef = 3D3AC4342269FAA800331696 /* ArrangePlugin.swift */; };
		3D486749224959F200EABD23 /* ARPPath.swift in Sources */ = {isa = PBXBuildFile; fileRef = 3D486748224959F200EABD23 /* ARPPath.swift */; };
		3D48674B224A527200EABD23 /* ARPSweep.swift in Sources */ = {isa = PBXBuildFile; fileRef = 3D48674A224A527200EABD23 /* ARPSweep.swift */; };
		3D61FCF82201EFB200183AEA /* libTKMath.a in Frameworks */ = {isa = PBXBuildFile; fileRef = 3D61FCE82201EFB200183AEA /* libTKMath.a */; };
		3D61FCF92201EFB200183AEA /* libTKTopAlgo.a in Frameworks */ = {isa = PBXBuildFile; fileRef = 3D61FCE92201EFB200183AEA /* libTKTopAlgo.a */; };
		3D61FCFA2201EFB200183AEA /* libTKXMesh.a in Frameworks */ = {isa = PBXBuildFile; fileRef = 3D61FCEA2201EFB200183AEA /* libTKXMesh.a */; };
		3D61FCFB2201EFB200183AEA /* libTKFillet.a in Frameworks */ = {isa = PBXBuildFile; fileRef = 3D61FCEB2201EFB200183AEA /* libTKFillet.a */; };
		3D61FCFC2201EFB200183AEA /* libTKG3d.a in Frameworks */ = {isa = PBXBuildFile; fileRef = 3D61FCEC2201EFB200183AEA /* libTKG3d.a */; };
		3D61FCFD2201EFB200183AEA /* libTKBO.a in Frameworks */ = {isa = PBXBuildFile; fileRef = 3D61FCED2201EFB200183AEA /* libTKBO.a */; };
		3D61FCFE2201EFB200183AEA /* libTKGeomBase.a in Frameworks */ = {isa = PBXBuildFile; fileRef = 3D61FCEE2201EFB200183AEA /* libTKGeomBase.a */; };
		3D61FCFF2201EFB200183AEA /* libTKG2d.a in Frameworks */ = {isa = PBXBuildFile; fileRef = 3D61FCEF2201EFB200183AEA /* libTKG2d.a */; };
		3D61FD002201EFB200183AEA /* libTKernel.a in Frameworks */ = {isa = PBXBuildFile; fileRef = 3D61FCF02201EFB200183AEA /* libTKernel.a */; };
		3D61FD012201EFB200183AEA /* libTKMesh.a in Frameworks */ = {isa = PBXBuildFile; fileRef = 3D61FCF12201EFB200183AEA /* libTKMesh.a */; };
		3D61FD022201EFB200183AEA /* libTKGeomAlgo.a in Frameworks */ = {isa = PBXBuildFile; fileRef = 3D61FCF22201EFB200183AEA /* libTKGeomAlgo.a */; };
		3D61FD032201EFB200183AEA /* libTKPrim.a in Frameworks */ = {isa = PBXBuildFile; fileRef = 3D61FCF32201EFB200183AEA /* libTKPrim.a */; };
		3D61FD042201EFB200183AEA /* libTKBRep.a in Frameworks */ = {isa = PBXBuildFile; fileRef = 3D61FCF42201EFB200183AEA /* libTKBRep.a */; };
		3D61FD052201EFB200183AEA /* libTKOffset.a in Frameworks */ = {isa = PBXBuildFile; fileRef = 3D61FCF52201EFB200183AEA /* libTKOffset.a */; };
		3D61FD062201EFB200183AEA /* libTKBool.a in Frameworks */ = {isa = PBXBuildFile; fileRef = 3D61FCF62201EFB200183AEA /* libTKBool.a */; };
		3D61FD072201EFB200183AEA /* libTKShHealing.a in Frameworks */ = {isa = PBXBuildFile; fileRef = 3D61FCF72201EFB200183AEA /* libTKShHealing.a */; };
		3D68FCAA226A0F1A00C421AD /* DateExtensions.swift in Sources */ = {isa = PBXBuildFile; fileRef = 3D68FCA9226A0F1A00C421AD /* DateExtensions.swift */; };
		3D88365F221AD84300672CEB /* ARPSphere.swift in Sources */ = {isa = PBXBuildFile; fileRef = 3D883658221AD84300672CEB /* ARPSphere.swift */; };
		3D883660221AD84300672CEB /* ARPGeomNode.swift in Sources */ = {isa = PBXBuildFile; fileRef = 3D883659221AD84300672CEB /* ARPGeomNode.swift */; };
		3D883661221AD84300672CEB /* ARPNode.swift in Sources */ = {isa = PBXBuildFile; fileRef = 3D88365A221AD84300672CEB /* ARPNode.swift */; };
		3D883662221AD84300672CEB /* ARPBoolNode.swift in Sources */ = {isa = PBXBuildFile; fileRef = 3D88365B221AD84300672CEB /* ARPBoolNode.swift */; };
		3D883663221AD84300672CEB /* Util.swift in Sources */ = {isa = PBXBuildFile; fileRef = 3D88365C221AD84300672CEB /* Util.swift */; };
		3D883664221AD84300672CEB /* OCCTAPI.swift in Sources */ = {isa = PBXBuildFile; fileRef = 3D88365E221AD84300672CEB /* OCCTAPI.swift */; };
		3D883669221B457C00672CEB /* ARPBox.swift in Sources */ = {isa = PBXBuildFile; fileRef = 3D883668221B457C00672CEB /* ARPBox.swift */; };
		3DA388E32251F4CB003A8937 /* OCCT.mm in Sources */ = {isa = PBXBuildFile; fileRef = 3DA388E22251F4CB003A8937 /* OCCT.mm */; };
		3DA388EB2252A431003A8937 /* ARPenTests.swift in Sources */ = {isa = PBXBuildFile; fileRef = 3DA388EA2252A431003A8937 /* ARPenTests.swift */; };
		3DE5191B22A7DB850005B73B /* SweepPluginTwoProfiles.swift in Sources */ = {isa = PBXBuildFile; fileRef = 3DE5191A22A7DB850005B73B /* SweepPluginTwoProfiles.swift */; };
		3DE5191D22A9540C0005B73B /* RevolvePluginProfileAndCircle.swift in Sources */ = {isa = PBXBuildFile; fileRef = 3DE5191C22A9540C0005B73B /* RevolvePluginProfileAndCircle.swift */; };
		4A56952F2058186800C8065E /* aruco.framework in Frameworks */ = {isa = PBXBuildFile; fileRef = 4A56952D2058186800C8065E /* aruco.framework */; };
		4A5695302058186800C8065E /* opencv2.framework in Frameworks */ = {isa = PBXBuildFile; fileRef = 4A56952E2058186800C8065E /* opencv2.framework */; };
		4A5695322058192B00C8065E /* UserStudyIDListTableViewController.swift in Sources */ = {isa = PBXBuildFile; fileRef = 4A5695312058192B00C8065E /* UserStudyIDListTableViewController.swift */; };
		4A5695342058195200C8065E /* UserStudyRecordsListTableViewController.swift in Sources */ = {isa = PBXBuildFile; fileRef = 4A5695332058195200C8065E /* UserStudyRecordsListTableViewController.swift */; };
		4A56953720581B4500C8065E /* UserStudyRecord.swift in Sources */ = {isa = PBXBuildFile; fileRef = 4A56953620581B4500C8065E /* UserStudyRecord.swift */; };
		4A56953920581B6700C8065E /* UserStudyRecordManager.swift in Sources */ = {isa = PBXBuildFile; fileRef = 4A56953820581B6700C8065E /* UserStudyRecordManager.swift */; };
		4A56953B20581B9000C8065E /* UserStudyRecordPluginProtocol.swift in Sources */ = {isa = PBXBuildFile; fileRef = 4A56953A20581B9000C8065E /* UserStudyRecordPluginProtocol.swift */; };
		4A59BA1E2244E66D00EA23E7 /* TranslationDemoPlugin.swift in Sources */ = {isa = PBXBuildFile; fileRef = 4A59BA1D2244E66D00EA23E7 /* TranslationDemoPlugin.swift */; };
		4A59BA222244E68800EA23E7 /* ARPenDropTargetNode.swift in Sources */ = {isa = PBXBuildFile; fileRef = 4A59BA1F2244E68800EA23E7 /* ARPenDropTargetNode.swift */; };
		4A59BA232244E68800EA23E7 /* ARPenSceneConstructor.swift in Sources */ = {isa = PBXBuildFile; fileRef = 4A59BA202244E68800EA23E7 /* ARPenSceneConstructor.swift */; };
		4A59BA242244E68800EA23E7 /* ARPenBoxNode.swift in Sources */ = {isa = PBXBuildFile; fileRef = 4A59BA212244E68800EA23E7 /* ARPenBoxNode.swift */; };
		4A59BA262244E69400EA23E7 /* CombinationPlugin.swift in Sources */ = {isa = PBXBuildFile; fileRef = 4A59BA252244E69400EA23E7 /* CombinationPlugin.swift */; };
		4A895F0A2052791100CC2C8E /* CubeByDraggingPlugin.swift in Sources */ = {isa = PBXBuildFile; fileRef = 4A895F092052791100CC2C8E /* CubeByDraggingPlugin.swift */; };
		4A895F0C2052D46000CC2C8E /* CubeByExtractionPlugin.swift in Sources */ = {isa = PBXBuildFile; fileRef = 4A895F0B2052D46000CC2C8E /* CubeByExtractionPlugin.swift */; };
		4AC711C7204EDCBE00CD4239 /* SettingsTableViewController.swift in Sources */ = {isa = PBXBuildFile; fileRef = 4AC711C6204EDCBE00CD4239 /* SettingsTableViewController.swift */; };
		4AC711C9204FDCE800CD4239 /* BluetoothDeviceListTableViewController.swift in Sources */ = {isa = PBXBuildFile; fileRef = 4AC711C8204FDCE800CD4239 /* BluetoothDeviceListTableViewController.swift */; };
		AA93510A224245CE002AEB00 /* ARMenusPlugin.swift in Sources */ = {isa = PBXBuildFile; fileRef = AA935109224245CE002AEB00 /* ARMenusPlugin.swift */; };
		AA93510C2242460D002AEB00 /* ARMenusSupportFile.swift in Sources */ = {isa = PBXBuildFile; fileRef = AA93510B2242460D002AEB00 /* ARMenusSupportFile.swift */; };
		DC18B2BC202384D700884920 /* UserDefaultsKeys.swift in Sources */ = {isa = PBXBuildFile; fileRef = DC18B2BB202384D700884920 /* UserDefaultsKeys.swift */; };
		DC28B440200E4353008B77AB /* AppDelegate.swift in Sources */ = {isa = PBXBuildFile; fileRef = DC28B43F200E4353008B77AB /* AppDelegate.swift */; };
		DC28B442200E4353008B77AB /* art.scnassets in Resources */ = {isa = PBXBuildFile; fileRef = DC28B441200E4353008B77AB /* art.scnassets */; };
		DC28B444200E4353008B77AB /* ViewController.swift in Sources */ = {isa = PBXBuildFile; fileRef = DC28B443200E4353008B77AB /* ViewController.swift */; };
		DC28B447200E4353008B77AB /* Main.storyboard in Resources */ = {isa = PBXBuildFile; fileRef = DC28B445200E4353008B77AB /* Main.storyboard */; };
		DC28B449200E4353008B77AB /* Assets.xcassets in Resources */ = {isa = PBXBuildFile; fileRef = DC28B448200E4353008B77AB /* Assets.xcassets */; };
		DC28B44C200E4353008B77AB /* LaunchScreen.storyboard in Resources */ = {isa = PBXBuildFile; fileRef = DC28B44A200E4353008B77AB /* LaunchScreen.storyboard */; };
		DC28B454200E4389008B77AB /* ARManager.swift in Sources */ = {isa = PBXBuildFile; fileRef = DC28B453200E4389008B77AB /* ARManager.swift */; };
		DC28B45C200E4470008B77AB /* OpenCVWrapper.mm in Sources */ = {isa = PBXBuildFile; fileRef = DC28B45B200E4470008B77AB /* OpenCVWrapper.mm */; };
		DC28B45F200E4561008B77AB /* PenManager.swift in Sources */ = {isa = PBXBuildFile; fileRef = DC28B45E200E4561008B77AB /* PenManager.swift */; };
		DC28B461200E46DC008B77AB /* Plugin.swift in Sources */ = {isa = PBXBuildFile; fileRef = DC28B460200E46DC008B77AB /* Plugin.swift */; };
		DC28B463200E471F008B77AB /* PluginManager.swift in Sources */ = {isa = PBXBuildFile; fileRef = DC28B462200E471F008B77AB /* PluginManager.swift */; };
		DC28B465200E4825008B77AB /* PenScene.swift in Sources */ = {isa = PBXBuildFile; fileRef = DC28B464200E4825008B77AB /* PenScene.swift */; };
		DC28B467200E4BF1008B77AB /* PaintPlugin.swift in Sources */ = {isa = PBXBuildFile; fileRef = DC28B466200E4BF1008B77AB /* PaintPlugin.swift */; };
		DC28B469200E4C43008B77AB /* CylinderLine.swift in Sources */ = {isa = PBXBuildFile; fileRef = DC28B468200E4C43008B77AB /* CylinderLine.swift */; };
		DC28B46B200E4C78008B77AB /* Button.swift in Sources */ = {isa = PBXBuildFile; fileRef = DC28B46A200E4C78008B77AB /* Button.swift */; };
		DC28B46D200E4E6E008B77AB /* MarkerBox.swift in Sources */ = {isa = PBXBuildFile; fileRef = DC28B46C200E4E6E008B77AB /* MarkerBox.swift */; };
		DC28B471200E592C008B77AB /* DegreesToRadians.swift in Sources */ = {isa = PBXBuildFile; fileRef = DC28B470200E592C008B77AB /* DegreesToRadians.swift */; };
		DC28B473200E6025008B77AB /* SCNVector3Extensions.swift in Sources */ = {isa = PBXBuildFile; fileRef = DC28B472200E6025008B77AB /* SCNVector3Extensions.swift */; };
		DC28B475200E64B7008B77AB /* ObjectCreationPlugin.swift in Sources */ = {isa = PBXBuildFile; fileRef = DC28B474200E64B7008B77AB /* ObjectCreationPlugin.swift */; };
		DC28B47A200E7E8A008B77AB /* MarkerBox.m in Sources */ = {isa = PBXBuildFile; fileRef = DC28B478200E7E89008B77AB /* MarkerBox.m */; };
/* End PBXBuildFile section */

/* Begin PBXContainerItemProxy section */
		3DA388ED2252A431003A8937 /* PBXContainerItemProxy */ = {
			isa = PBXContainerItemProxy;
			containerPortal = DC28B434200E4353008B77AB /* Project object */;
			proxyType = 1;
			remoteGlobalIDString = DC28B43B200E4353008B77AB;
			remoteInfo = ARPen;
		};
/* End PBXContainerItemProxy section */

/* Begin PBXCopyFilesBuildPhase section */
		4A8EF891203AE2FA00E53E85 /* Embed Frameworks */ = {
			isa = PBXCopyFilesBuildPhase;
			buildActionMask = 2147483647;
			dstPath = "";
			dstSubfolderSpec = 10;
			files = (
			);
			name = "Embed Frameworks";
			runOnlyForDeploymentPostprocessing = 0;
		};
/* End PBXCopyFilesBuildPhase section */

/* Begin PBXFileReference section */
		3D26154D22569CB200D9F0F8 /* SweepPluginProfileAndPath.swift */ = {isa = PBXFileReference; lastKnownFileType = sourcecode.swift; path = SweepPluginProfileAndPath.swift; sourceTree = "<group>"; };
		3D3450812261F5650017DB39 /* ARPRevolution.swift */ = {isa = PBXFileReference; lastKnownFileType = sourcecode.swift; path = ARPRevolution.swift; sourceTree = "<group>"; };
		3D34508422646D920017DB39 /* CurveDesigner.swift */ = {isa = PBXFileReference; lastKnownFileType = sourcecode.swift; path = CurveDesigner.swift; sourceTree = "<group>"; };
		3D345086226470D30017DB39 /* ButtonEvents.swift */ = {isa = PBXFileReference; lastKnownFileType = sourcecode.swift; path = ButtonEvents.swift; sourceTree = "<group>"; };
		3D34508822647C7F0017DB39 /* RevolvePluginProfileAndAxis.swift */ = {isa = PBXFileReference; lastKnownFileType = sourcecode.swift; path = RevolvePluginProfileAndAxis.swift; sourceTree = "<group>"; };
		3D34508C2265C1850017DB39 /* LoftPlugin.swift */ = {isa = PBXFileReference; lastKnownFileType = sourcecode.swift; path = LoftPlugin.swift; sourceTree = "<group>"; };
		3D34508E2266170F0017DB39 /* ARPLoft.swift */ = {isa = PBXFileReference; lastKnownFileType = sourcecode.swift; path = ARPLoft.swift; sourceTree = "<group>"; };
		3D3AC4342269FAA800331696 /* ArrangePlugin.swift */ = {isa = PBXFileReference; lastKnownFileType = sourcecode.swift; path = ArrangePlugin.swift; sourceTree = "<group>"; };
		3D486748224959F200EABD23 /* ARPPath.swift */ = {isa = PBXFileReference; lastKnownFileType = sourcecode.swift; path = ARPPath.swift; sourceTree = "<group>"; };
		3D48674A224A527200EABD23 /* ARPSweep.swift */ = {isa = PBXFileReference; lastKnownFileType = sourcecode.swift; path = ARPSweep.swift; sourceTree = "<group>"; };
		3D61FCE82201EFB200183AEA /* libTKMath.a */ = {isa = PBXFileReference; lastKnownFileType = archive.ar; name = libTKMath.a; path = "../../../../opencascade-7.3.0/samples/ios/occt/lib/libTKMath.a"; sourceTree = "<group>"; };
		3D61FCE92201EFB200183AEA /* libTKTopAlgo.a */ = {isa = PBXFileReference; lastKnownFileType = archive.ar; name = libTKTopAlgo.a; path = "../../../../opencascade-7.3.0/samples/ios/occt/lib/libTKTopAlgo.a"; sourceTree = "<group>"; };
		3D61FCEA2201EFB200183AEA /* libTKXMesh.a */ = {isa = PBXFileReference; lastKnownFileType = archive.ar; name = libTKXMesh.a; path = "../../../../opencascade-7.3.0/samples/ios/occt/lib/libTKXMesh.a"; sourceTree = "<group>"; };
		3D61FCEB2201EFB200183AEA /* libTKFillet.a */ = {isa = PBXFileReference; lastKnownFileType = archive.ar; name = libTKFillet.a; path = "../../../../opencascade-7.3.0/samples/ios/occt/lib/libTKFillet.a"; sourceTree = "<group>"; };
		3D61FCEC2201EFB200183AEA /* libTKG3d.a */ = {isa = PBXFileReference; lastKnownFileType = archive.ar; name = libTKG3d.a; path = "../../../../opencascade-7.3.0/samples/ios/occt/lib/libTKG3d.a"; sourceTree = "<group>"; };
		3D61FCED2201EFB200183AEA /* libTKBO.a */ = {isa = PBXFileReference; lastKnownFileType = archive.ar; name = libTKBO.a; path = "../../../../opencascade-7.3.0/samples/ios/occt/lib/libTKBO.a"; sourceTree = "<group>"; };
		3D61FCEE2201EFB200183AEA /* libTKGeomBase.a */ = {isa = PBXFileReference; lastKnownFileType = archive.ar; name = libTKGeomBase.a; path = "../../../../opencascade-7.3.0/samples/ios/occt/lib/libTKGeomBase.a"; sourceTree = "<group>"; };
		3D61FCEF2201EFB200183AEA /* libTKG2d.a */ = {isa = PBXFileReference; lastKnownFileType = archive.ar; name = libTKG2d.a; path = "../../../../opencascade-7.3.0/samples/ios/occt/lib/libTKG2d.a"; sourceTree = "<group>"; };
		3D61FCF02201EFB200183AEA /* libTKernel.a */ = {isa = PBXFileReference; lastKnownFileType = archive.ar; name = libTKernel.a; path = "../../../../opencascade-7.3.0/samples/ios/occt/lib/libTKernel.a"; sourceTree = "<group>"; };
		3D61FCF12201EFB200183AEA /* libTKMesh.a */ = {isa = PBXFileReference; lastKnownFileType = archive.ar; name = libTKMesh.a; path = "../../../../opencascade-7.3.0/samples/ios/occt/lib/libTKMesh.a"; sourceTree = "<group>"; };
		3D61FCF22201EFB200183AEA /* libTKGeomAlgo.a */ = {isa = PBXFileReference; lastKnownFileType = archive.ar; name = libTKGeomAlgo.a; path = "../../../../opencascade-7.3.0/samples/ios/occt/lib/libTKGeomAlgo.a"; sourceTree = "<group>"; };
		3D61FCF32201EFB200183AEA /* libTKPrim.a */ = {isa = PBXFileReference; lastKnownFileType = archive.ar; name = libTKPrim.a; path = "../../../../opencascade-7.3.0/samples/ios/occt/lib/libTKPrim.a"; sourceTree = "<group>"; };
		3D61FCF42201EFB200183AEA /* libTKBRep.a */ = {isa = PBXFileReference; lastKnownFileType = archive.ar; name = libTKBRep.a; path = "../../../../opencascade-7.3.0/samples/ios/occt/lib/libTKBRep.a"; sourceTree = "<group>"; };
		3D61FCF52201EFB200183AEA /* libTKOffset.a */ = {isa = PBXFileReference; lastKnownFileType = archive.ar; name = libTKOffset.a; path = "../../../../opencascade-7.3.0/samples/ios/occt/lib/libTKOffset.a"; sourceTree = "<group>"; };
		3D61FCF62201EFB200183AEA /* libTKBool.a */ = {isa = PBXFileReference; lastKnownFileType = archive.ar; name = libTKBool.a; path = "../../../../opencascade-7.3.0/samples/ios/occt/lib/libTKBool.a"; sourceTree = "<group>"; };
		3D61FCF72201EFB200183AEA /* libTKShHealing.a */ = {isa = PBXFileReference; lastKnownFileType = archive.ar; name = libTKShHealing.a; path = "../../../../opencascade-7.3.0/samples/ios/occt/lib/libTKShHealing.a"; sourceTree = "<group>"; };
		3D68FCA9226A0F1A00C421AD /* DateExtensions.swift */ = {isa = PBXFileReference; lastKnownFileType = sourcecode.swift; path = DateExtensions.swift; sourceTree = "<group>"; };
		3D883658221AD84300672CEB /* ARPSphere.swift */ = {isa = PBXFileReference; fileEncoding = 4; lastKnownFileType = sourcecode.swift; path = ARPSphere.swift; sourceTree = "<group>"; };
		3D883659221AD84300672CEB /* ARPGeomNode.swift */ = {isa = PBXFileReference; fileEncoding = 4; lastKnownFileType = sourcecode.swift; path = ARPGeomNode.swift; sourceTree = "<group>"; };
		3D88365A221AD84300672CEB /* ARPNode.swift */ = {isa = PBXFileReference; fileEncoding = 4; lastKnownFileType = sourcecode.swift; path = ARPNode.swift; sourceTree = "<group>"; };
		3D88365B221AD84300672CEB /* ARPBoolNode.swift */ = {isa = PBXFileReference; fileEncoding = 4; lastKnownFileType = sourcecode.swift; path = ARPBoolNode.swift; sourceTree = "<group>"; };
		3D88365C221AD84300672CEB /* Util.swift */ = {isa = PBXFileReference; fileEncoding = 4; lastKnownFileType = sourcecode.swift; path = Util.swift; sourceTree = "<group>"; };
		3D88365E221AD84300672CEB /* OCCTAPI.swift */ = {isa = PBXFileReference; fileEncoding = 4; lastKnownFileType = sourcecode.swift; path = OCCTAPI.swift; sourceTree = "<group>"; };
		3D883668221B457C00672CEB /* ARPBox.swift */ = {isa = PBXFileReference; lastKnownFileType = sourcecode.swift; path = ARPBox.swift; sourceTree = "<group>"; };
		3DA388E12251F4CB003A8937 /* OCCT.h */ = {isa = PBXFileReference; fileEncoding = 4; lastKnownFileType = sourcecode.c.h; path = OCCT.h; sourceTree = "<group>"; };
		3DA388E22251F4CB003A8937 /* OCCT.mm */ = {isa = PBXFileReference; fileEncoding = 4; lastKnownFileType = sourcecode.cpp.objcpp; path = OCCT.mm; sourceTree = "<group>"; };
		3DA388E82252A431003A8937 /* ARPenTests.xctest */ = {isa = PBXFileReference; explicitFileType = wrapper.cfbundle; includeInIndex = 0; path = ARPenTests.xctest; sourceTree = BUILT_PRODUCTS_DIR; };
		3DA388EA2252A431003A8937 /* ARPenTests.swift */ = {isa = PBXFileReference; lastKnownFileType = sourcecode.swift; path = ARPenTests.swift; sourceTree = "<group>"; };
		3DA388EC2252A431003A8937 /* Info.plist */ = {isa = PBXFileReference; lastKnownFileType = text.plist.xml; path = Info.plist; sourceTree = "<group>"; };
		3DE5191A22A7DB850005B73B /* SweepPluginTwoProfiles.swift */ = {isa = PBXFileReference; fileEncoding = 4; lastKnownFileType = sourcecode.swift; path = SweepPluginTwoProfiles.swift; sourceTree = "<group>"; };
		3DE5191C22A9540C0005B73B /* RevolvePluginProfileAndCircle.swift */ = {isa = PBXFileReference; fileEncoding = 4; lastKnownFileType = sourcecode.swift; path = RevolvePluginProfileAndCircle.swift; sourceTree = "<group>"; };
		4A56952D2058186800C8065E /* aruco.framework */ = {isa = PBXFileReference; lastKnownFileType = wrapper.framework; path = aruco.framework; sourceTree = "<group>"; };
		4A56952E2058186800C8065E /* opencv2.framework */ = {isa = PBXFileReference; lastKnownFileType = wrapper.framework; path = opencv2.framework; sourceTree = "<group>"; };
		4A5695312058192B00C8065E /* UserStudyIDListTableViewController.swift */ = {isa = PBXFileReference; lastKnownFileType = sourcecode.swift; path = UserStudyIDListTableViewController.swift; sourceTree = "<group>"; };
		4A5695332058195200C8065E /* UserStudyRecordsListTableViewController.swift */ = {isa = PBXFileReference; lastKnownFileType = sourcecode.swift; path = UserStudyRecordsListTableViewController.swift; sourceTree = "<group>"; };
		4A56953620581B4500C8065E /* UserStudyRecord.swift */ = {isa = PBXFileReference; lastKnownFileType = sourcecode.swift; path = UserStudyRecord.swift; sourceTree = "<group>"; };
		4A56953820581B6700C8065E /* UserStudyRecordManager.swift */ = {isa = PBXFileReference; lastKnownFileType = sourcecode.swift; path = UserStudyRecordManager.swift; sourceTree = "<group>"; };
		4A56953A20581B9000C8065E /* UserStudyRecordPluginProtocol.swift */ = {isa = PBXFileReference; lastKnownFileType = sourcecode.swift; path = UserStudyRecordPluginProtocol.swift; sourceTree = "<group>"; };
		4A59BA1D2244E66D00EA23E7 /* TranslationDemoPlugin.swift */ = {isa = PBXFileReference; fileEncoding = 4; lastKnownFileType = sourcecode.swift; path = TranslationDemoPlugin.swift; sourceTree = "<group>"; };
		4A59BA1F2244E68800EA23E7 /* ARPenDropTargetNode.swift */ = {isa = PBXFileReference; fileEncoding = 4; lastKnownFileType = sourcecode.swift; path = ARPenDropTargetNode.swift; sourceTree = "<group>"; };
		4A59BA202244E68800EA23E7 /* ARPenSceneConstructor.swift */ = {isa = PBXFileReference; fileEncoding = 4; lastKnownFileType = sourcecode.swift; path = ARPenSceneConstructor.swift; sourceTree = "<group>"; };
		4A59BA212244E68800EA23E7 /* ARPenBoxNode.swift */ = {isa = PBXFileReference; fileEncoding = 4; lastKnownFileType = sourcecode.swift; path = ARPenBoxNode.swift; sourceTree = "<group>"; };
		4A59BA252244E69400EA23E7 /* CombinationPlugin.swift */ = {isa = PBXFileReference; fileEncoding = 4; lastKnownFileType = sourcecode.swift; path = CombinationPlugin.swift; sourceTree = "<group>"; };
		4A895F092052791100CC2C8E /* CubeByDraggingPlugin.swift */ = {isa = PBXFileReference; lastKnownFileType = sourcecode.swift; path = CubeByDraggingPlugin.swift; sourceTree = "<group>"; };
		4A895F0B2052D46000CC2C8E /* CubeByExtractionPlugin.swift */ = {isa = PBXFileReference; lastKnownFileType = sourcecode.swift; path = CubeByExtractionPlugin.swift; sourceTree = "<group>"; };
		4AC711C6204EDCBE00CD4239 /* SettingsTableViewController.swift */ = {isa = PBXFileReference; lastKnownFileType = sourcecode.swift; path = SettingsTableViewController.swift; sourceTree = "<group>"; };
		4AC711C8204FDCE800CD4239 /* BluetoothDeviceListTableViewController.swift */ = {isa = PBXFileReference; lastKnownFileType = sourcecode.swift; path = BluetoothDeviceListTableViewController.swift; sourceTree = "<group>"; };
		AA935109224245CE002AEB00 /* ARMenusPlugin.swift */ = {isa = PBXFileReference; lastKnownFileType = sourcecode.swift; path = ARMenusPlugin.swift; sourceTree = "<group>"; };
		AA93510B2242460D002AEB00 /* ARMenusSupportFile.swift */ = {isa = PBXFileReference; lastKnownFileType = sourcecode.swift; path = ARMenusSupportFile.swift; sourceTree = "<group>"; };
		DC18B2BB202384D700884920 /* UserDefaultsKeys.swift */ = {isa = PBXFileReference; lastKnownFileType = sourcecode.swift; path = UserDefaultsKeys.swift; sourceTree = "<group>"; };
		DC28B43C200E4353008B77AB /* ARPen.app */ = {isa = PBXFileReference; explicitFileType = wrapper.application; includeInIndex = 0; path = ARPen.app; sourceTree = BUILT_PRODUCTS_DIR; };
		DC28B43F200E4353008B77AB /* AppDelegate.swift */ = {isa = PBXFileReference; lastKnownFileType = sourcecode.swift; path = AppDelegate.swift; sourceTree = "<group>"; };
		DC28B441200E4353008B77AB /* art.scnassets */ = {isa = PBXFileReference; lastKnownFileType = wrapper.scnassets; path = art.scnassets; sourceTree = "<group>"; };
		DC28B443200E4353008B77AB /* ViewController.swift */ = {isa = PBXFileReference; lastKnownFileType = sourcecode.swift; path = ViewController.swift; sourceTree = "<group>"; };
		DC28B446200E4353008B77AB /* Base */ = {isa = PBXFileReference; lastKnownFileType = file.storyboard; name = Base; path = Base.lproj/Main.storyboard; sourceTree = "<group>"; };
		DC28B448200E4353008B77AB /* Assets.xcassets */ = {isa = PBXFileReference; lastKnownFileType = folder.assetcatalog; path = Assets.xcassets; sourceTree = "<group>"; };
		DC28B44B200E4353008B77AB /* Base */ = {isa = PBXFileReference; lastKnownFileType = file.storyboard; name = Base; path = Base.lproj/LaunchScreen.storyboard; sourceTree = "<group>"; };
		DC28B44D200E4353008B77AB /* Info.plist */ = {isa = PBXFileReference; lastKnownFileType = text.plist.xml; path = Info.plist; sourceTree = "<group>"; };
		DC28B453200E4389008B77AB /* ARManager.swift */ = {isa = PBXFileReference; lastKnownFileType = sourcecode.swift; path = ARManager.swift; sourceTree = "<group>"; };
		DC28B459200E446F008B77AB /* ARPen-Bridging-Header.h */ = {isa = PBXFileReference; lastKnownFileType = sourcecode.c.h; path = "ARPen-Bridging-Header.h"; sourceTree = "<group>"; };
		DC28B45A200E4470008B77AB /* OpenCVWrapper.h */ = {isa = PBXFileReference; fileEncoding = 4; lastKnownFileType = sourcecode.c.h; path = OpenCVWrapper.h; sourceTree = "<group>"; };
		DC28B45B200E4470008B77AB /* OpenCVWrapper.mm */ = {isa = PBXFileReference; fileEncoding = 4; lastKnownFileType = sourcecode.cpp.objcpp; path = OpenCVWrapper.mm; sourceTree = "<group>"; };
		DC28B45E200E4561008B77AB /* PenManager.swift */ = {isa = PBXFileReference; lastKnownFileType = sourcecode.swift; path = PenManager.swift; sourceTree = "<group>"; };
		DC28B460200E46DC008B77AB /* Plugin.swift */ = {isa = PBXFileReference; lastKnownFileType = sourcecode.swift; path = Plugin.swift; sourceTree = "<group>"; };
		DC28B462200E471F008B77AB /* PluginManager.swift */ = {isa = PBXFileReference; lastKnownFileType = sourcecode.swift; path = PluginManager.swift; sourceTree = "<group>"; };
		DC28B464200E4825008B77AB /* PenScene.swift */ = {isa = PBXFileReference; lastKnownFileType = sourcecode.swift; path = PenScene.swift; sourceTree = "<group>"; };
		DC28B466200E4BF1008B77AB /* PaintPlugin.swift */ = {isa = PBXFileReference; lastKnownFileType = sourcecode.swift; path = PaintPlugin.swift; sourceTree = "<group>"; };
		DC28B468200E4C43008B77AB /* CylinderLine.swift */ = {isa = PBXFileReference; fileEncoding = 4; lastKnownFileType = sourcecode.swift; path = CylinderLine.swift; sourceTree = "<group>"; };
		DC28B46A200E4C78008B77AB /* Button.swift */ = {isa = PBXFileReference; lastKnownFileType = sourcecode.swift; path = Button.swift; sourceTree = "<group>"; };
		DC28B46C200E4E6E008B77AB /* MarkerBox.swift */ = {isa = PBXFileReference; lastKnownFileType = sourcecode.swift; path = MarkerBox.swift; sourceTree = "<group>"; };
		DC28B470200E592C008B77AB /* DegreesToRadians.swift */ = {isa = PBXFileReference; lastKnownFileType = sourcecode.swift; path = DegreesToRadians.swift; sourceTree = "<group>"; };
		DC28B472200E6025008B77AB /* SCNVector3Extensions.swift */ = {isa = PBXFileReference; lastKnownFileType = sourcecode.swift; path = SCNVector3Extensions.swift; sourceTree = "<group>"; };
		DC28B474200E64B7008B77AB /* ObjectCreationPlugin.swift */ = {isa = PBXFileReference; lastKnownFileType = sourcecode.swift; path = ObjectCreationPlugin.swift; sourceTree = "<group>"; };
		DC28B478200E7E89008B77AB /* MarkerBox.m */ = {isa = PBXFileReference; fileEncoding = 4; lastKnownFileType = sourcecode.c.objc; path = MarkerBox.m; sourceTree = "<group>"; };
		DC28B479200E7E89008B77AB /* MarkerBox.h */ = {isa = PBXFileReference; fileEncoding = 4; lastKnownFileType = sourcecode.c.h; path = MarkerBox.h; sourceTree = "<group>"; };
		DCE5A37E202F504B005F4186 /* README.md */ = {isa = PBXFileReference; fileEncoding = 4; lastKnownFileType = net.daringfireball.markdown; name = README.md; path = ../README.md; sourceTree = "<group>"; };
/* End PBXFileReference section */

/* Begin PBXFrameworksBuildPhase section */
		3DA388E52252A431003A8937 /* Frameworks */ = {
			isa = PBXFrameworksBuildPhase;
			buildActionMask = 2147483647;
			files = (
			);
			runOnlyForDeploymentPostprocessing = 0;
		};
		DC28B439200E4353008B77AB /* Frameworks */ = {
			isa = PBXFrameworksBuildPhase;
			buildActionMask = 2147483647;
			files = (
				4A56952F2058186800C8065E /* aruco.framework in Frameworks */,
				4A5695302058186800C8065E /* opencv2.framework in Frameworks */,
				3D61FCF82201EFB200183AEA /* libTKMath.a in Frameworks */,
				3D61FCF92201EFB200183AEA /* libTKTopAlgo.a in Frameworks */,
				3D61FCFA2201EFB200183AEA /* libTKXMesh.a in Frameworks */,
				3D61FCFB2201EFB200183AEA /* libTKFillet.a in Frameworks */,
				3D61FCFC2201EFB200183AEA /* libTKG3d.a in Frameworks */,
				3D61FCFD2201EFB200183AEA /* libTKBO.a in Frameworks */,
				3D61FCFE2201EFB200183AEA /* libTKGeomBase.a in Frameworks */,
				3D61FCFF2201EFB200183AEA /* libTKG2d.a in Frameworks */,
				3D61FD002201EFB200183AEA /* libTKernel.a in Frameworks */,
				3D61FD012201EFB200183AEA /* libTKMesh.a in Frameworks */,
				3D61FD022201EFB200183AEA /* libTKGeomAlgo.a in Frameworks */,
				3D61FD032201EFB200183AEA /* libTKPrim.a in Frameworks */,
				3D61FD042201EFB200183AEA /* libTKBRep.a in Frameworks */,
				3D61FD052201EFB200183AEA /* libTKOffset.a in Frameworks */,
				3D61FD062201EFB200183AEA /* libTKBool.a in Frameworks */,
				3D61FD072201EFB200183AEA /* libTKShHealing.a in Frameworks */,
			);
			runOnlyForDeploymentPostprocessing = 0;
		};
/* End PBXFrameworksBuildPhase section */

/* Begin PBXGroup section */
		3D34508322646D2B0017DB39 /* Util */ = {
			isa = PBXGroup;
			children = (
				3D34508422646D920017DB39 /* CurveDesigner.swift */,
				3D345086226470D30017DB39 /* ButtonEvents.swift */,
			);
			path = Util;
			sourceTree = "<group>";
		};
		3D883656221AD84300672CEB /* ModelingData */ = {
			isa = PBXGroup;
			children = (
				3D883657221AD84300672CEB /* Graph */,
				3D88365C221AD84300672CEB /* Util.swift */,
				3D88365D221AD84300672CEB /* OCCTAPI */,
			);
			path = ModelingData;
			sourceTree = "<group>";
		};
		3D883657221AD84300672CEB /* Graph */ = {
			isa = PBXGroup;
			children = (
				3D883658221AD84300672CEB /* ARPSphere.swift */,
				3D883668221B457C00672CEB /* ARPBox.swift */,
				3D883659221AD84300672CEB /* ARPGeomNode.swift */,
				3D88365A221AD84300672CEB /* ARPNode.swift */,
				3D88365B221AD84300672CEB /* ARPBoolNode.swift */,
				3D486748224959F200EABD23 /* ARPPath.swift */,
				3D48674A224A527200EABD23 /* ARPSweep.swift */,
				3D3450812261F5650017DB39 /* ARPRevolution.swift */,
				3D34508E2266170F0017DB39 /* ARPLoft.swift */,
			);
			path = Graph;
			sourceTree = "<group>";
		};
		3D88365D221AD84300672CEB /* OCCTAPI */ = {
			isa = PBXGroup;
			children = (
				3D88365E221AD84300672CEB /* OCCTAPI.swift */,
			);
			path = OCCTAPI;
			sourceTree = "<group>";
		};
		3DA388E92252A431003A8937 /* ARPenTests */ = {
			isa = PBXGroup;
			children = (
				3DA388EA2252A431003A8937 /* ARPenTests.swift */,
				3DA388EC2252A431003A8937 /* Info.plist */,
			);
			path = ARPenTests;
			sourceTree = "<group>";
		};
		4A4B7F1B205817A200331810 /* SettingsViewControllers */ = {
			isa = PBXGroup;
			children = (
				4AC711C6204EDCBE00CD4239 /* SettingsTableViewController.swift */,
				4AC711C8204FDCE800CD4239 /* BluetoothDeviceListTableViewController.swift */,
				4A5695312058192B00C8065E /* UserStudyIDListTableViewController.swift */,
				4A5695332058195200C8065E /* UserStudyRecordsListTableViewController.swift */,
			);
			path = SettingsViewControllers;
			sourceTree = "<group>";
		};
		4A56953520581AF300C8065E /* UserStudyData */ = {
			isa = PBXGroup;
			children = (
				4A56953620581B4500C8065E /* UserStudyRecord.swift */,
				4A56953820581B6700C8065E /* UserStudyRecordManager.swift */,
				4A56953A20581B9000C8065E /* UserStudyRecordPluginProtocol.swift */,
			);
			path = UserStudyData;
			sourceTree = "<group>";
		};
		DC18B2B820237A7200884920 /* Frameworks */ = {
			isa = PBXGroup;
			children = (
				3D61FCED2201EFB200183AEA /* libTKBO.a */,
				3D61FCF62201EFB200183AEA /* libTKBool.a */,
				3D61FCF42201EFB200183AEA /* libTKBRep.a */,
				3D61FCF02201EFB200183AEA /* libTKernel.a */,
				3D61FCEB2201EFB200183AEA /* libTKFillet.a */,
				3D61FCEF2201EFB200183AEA /* libTKG2d.a */,
				3D61FCEC2201EFB200183AEA /* libTKG3d.a */,
				3D61FCF22201EFB200183AEA /* libTKGeomAlgo.a */,
				3D61FCEE2201EFB200183AEA /* libTKGeomBase.a */,
				3D61FCE82201EFB200183AEA /* libTKMath.a */,
				3D61FCF12201EFB200183AEA /* libTKMesh.a */,
				3D61FCF52201EFB200183AEA /* libTKOffset.a */,
				3D61FCF32201EFB200183AEA /* libTKPrim.a */,
				3D61FCF72201EFB200183AEA /* libTKShHealing.a */,
				3D61FCE92201EFB200183AEA /* libTKTopAlgo.a */,
				3D61FCEA2201EFB200183AEA /* libTKXMesh.a */,
				4A56952D2058186800C8065E /* aruco.framework */,
				4A56952E2058186800C8065E /* opencv2.framework */,
			);
			name = Frameworks;
			sourceTree = "<group>";
		};
		DC28B433200E4353008B77AB = {
			isa = PBXGroup;
			children = (
				DCE5A37E202F504B005F4186 /* README.md */,
				DC28B43E200E4353008B77AB /* ARPen */,
				3DA388E92252A431003A8937 /* ARPenTests */,
				DC28B43D200E4353008B77AB /* Products */,
				DC18B2B820237A7200884920 /* Frameworks */,
			);
			sourceTree = "<group>";
		};
		DC28B43D200E4353008B77AB /* Products */ = {
			isa = PBXGroup;
			children = (
				DC28B43C200E4353008B77AB /* ARPen.app */,
				3DA388E82252A431003A8937 /* ARPenTests.xctest */,
			);
			name = Products;
			sourceTree = "<group>";
		};
		DC28B43E200E4353008B77AB /* ARPen */ = {
			isa = PBXGroup;
			children = (
				3D883656221AD84300672CEB /* ModelingData */,
				DC28B43F200E4353008B77AB /* AppDelegate.swift */,
				DC28B443200E4353008B77AB /* ViewController.swift */,
				4A4B7F1B205817A200331810 /* SettingsViewControllers */,
				DC18B2BB202384D700884920 /* UserDefaultsKeys.swift */,
				DC28B464200E4825008B77AB /* PenScene.swift */,
				DC28B453200E4389008B77AB /* ARManager.swift */,
				DC28B45E200E4561008B77AB /* PenManager.swift */,
				DC28B46A200E4C78008B77AB /* Button.swift */,
				DC28B46C200E4E6E008B77AB /* MarkerBox.swift */,
				DC28B462200E471F008B77AB /* PluginManager.swift */,
				DC28B476200E64C0008B77AB /* Plugins */,
				4A56953520581AF300C8065E /* UserStudyData */,
				DC28B477200E6640008B77AB /* Extensions */,
				DC28B45D200E4476008B77AB /* OpenCV */,
				DC28B445200E4353008B77AB /* Main.storyboard */,
				DC28B448200E4353008B77AB /* Assets.xcassets */,
				DC28B441200E4353008B77AB /* art.scnassets */,
				DC28B44A200E4353008B77AB /* LaunchScreen.storyboard */,
				DC28B44D200E4353008B77AB /* Info.plist */,
				DC28B459200E446F008B77AB /* ARPen-Bridging-Header.h */,
				3DA388E12251F4CB003A8937 /* OCCT.h */,
				3DA388E22251F4CB003A8937 /* OCCT.mm */,
			);
			path = ARPen;
			sourceTree = "<group>";
		};
		DC28B45D200E4476008B77AB /* OpenCV */ = {
			isa = PBXGroup;
			children = (
				DC28B479200E7E89008B77AB /* MarkerBox.h */,
				DC28B478200E7E89008B77AB /* MarkerBox.m */,
				DC28B45A200E4470008B77AB /* OpenCVWrapper.h */,
				DC28B45B200E4470008B77AB /* OpenCVWrapper.mm */,
			);
			path = OpenCV;
			sourceTree = "<group>";
		};
		DC28B476200E64C0008B77AB /* Plugins */ = {
			isa = PBXGroup;
			children = (
				DC28B460200E46DC008B77AB /* Plugin.swift */,
				DC28B466200E4BF1008B77AB /* PaintPlugin.swift */,
				DC28B474200E64B7008B77AB /* ObjectCreationPlugin.swift */,
				4A895F092052791100CC2C8E /* CubeByDraggingPlugin.swift */,
				4A895F0B2052D46000CC2C8E /* CubeByExtractionPlugin.swift */,
				3D26154D22569CB200D9F0F8 /* SweepPluginProfileAndPath.swift */,
				3DE5191A22A7DB850005B73B /* SweepPluginTwoProfiles.swift */,
				3D34508822647C7F0017DB39 /* RevolvePluginProfileAndAxis.swift */,
				3DE5191C22A9540C0005B73B /* RevolvePluginProfileAndCircle.swift */,
				3D34508C2265C1850017DB39 /* LoftPlugin.swift */,
				3D3AC4342269FAA800331696 /* ArrangePlugin.swift */,
				AA935109224245CE002AEB00 /* ARMenusPlugin.swift */,
				4A59BA1D2244E66D00EA23E7 /* TranslationDemoPlugin.swift */,
				4A59BA252244E69400EA23E7 /* CombinationPlugin.swift */,
				3D34508322646D2B0017DB39 /* Util */,
			);
			path = Plugins;
			sourceTree = "<group>";
		};
		DC28B477200E6640008B77AB /* Extensions */ = {
			isa = PBXGroup;
			children = (
				DC28B468200E4C43008B77AB /* CylinderLine.swift */,
				DC28B472200E6025008B77AB /* SCNVector3Extensions.swift */,
				DC28B470200E592C008B77AB /* DegreesToRadians.swift */,
				4A59BA212244E68800EA23E7 /* ARPenBoxNode.swift */,
				4A59BA1F2244E68800EA23E7 /* ARPenDropTargetNode.swift */,
				4A59BA202244E68800EA23E7 /* ARPenSceneConstructor.swift */,
				AA93510B2242460D002AEB00 /* ARMenusSupportFile.swift */,
				3D68FCA9226A0F1A00C421AD /* DateExtensions.swift */,
			);
			path = Extensions;
			sourceTree = "<group>";
		};
/* End PBXGroup section */

/* Begin PBXNativeTarget section */
		3DA388E72252A431003A8937 /* ARPenTests */ = {
			isa = PBXNativeTarget;
			buildConfigurationList = 3DA388F12252A431003A8937 /* Build configuration list for PBXNativeTarget "ARPenTests" */;
			buildPhases = (
				3DA388E42252A431003A8937 /* Sources */,
				3DA388E52252A431003A8937 /* Frameworks */,
				3DA388E62252A431003A8937 /* Resources */,
			);
			buildRules = (
			);
			dependencies = (
				3DA388EE2252A431003A8937 /* PBXTargetDependency */,
			);
			name = ARPenTests;
			productName = ARPenTests;
			productReference = 3DA388E82252A431003A8937 /* ARPenTests.xctest */;
			productType = "com.apple.product-type.bundle.unit-test";
		};
		DC28B43B200E4353008B77AB /* ARPen */ = {
			isa = PBXNativeTarget;
			buildConfigurationList = DC28B450200E4353008B77AB /* Build configuration list for PBXNativeTarget "ARPen" */;
			buildPhases = (
				DC28B438200E4353008B77AB /* Sources */,
				DC28B439200E4353008B77AB /* Frameworks */,
				DC28B43A200E4353008B77AB /* Resources */,
				4A8EF891203AE2FA00E53E85 /* Embed Frameworks */,
			);
			buildRules = (
			);
			dependencies = (
			);
			name = ARPen;
			productName = ARPen;
			productReference = DC28B43C200E4353008B77AB /* ARPen.app */;
			productType = "com.apple.product-type.application";
		};
/* End PBXNativeTarget section */

/* Begin PBXProject section */
		DC28B434200E4353008B77AB /* Project object */ = {
			isa = PBXProject;
			attributes = {
				LastSwiftUpdateCheck = 1020;
				LastUpgradeCheck = 0920;
				ORGANIZATIONNAME = "RWTH Aachen";
				TargetAttributes = {
					3DA388E72252A431003A8937 = {
						CreatedOnToolsVersion = 10.2;
						ProvisioningStyle = Automatic;
						TestTargetID = DC28B43B200E4353008B77AB;
					};
					DC28B43B200E4353008B77AB = {
						CreatedOnToolsVersion = 9.2;
						LastSwiftMigration = 0920;
						ProvisioningStyle = Automatic;
					};
				};
			};
			buildConfigurationList = DC28B437200E4353008B77AB /* Build configuration list for PBXProject "ARPen" */;
			compatibilityVersion = "Xcode 8.0";
			developmentRegion = en;
			hasScannedForEncodings = 0;
			knownRegions = (
				en,
				Base,
			);
			mainGroup = DC28B433200E4353008B77AB;
			productRefGroup = DC28B43D200E4353008B77AB /* Products */;
			projectDirPath = "";
			projectRoot = "";
			targets = (
				DC28B43B200E4353008B77AB /* ARPen */,
				3DA388E72252A431003A8937 /* ARPenTests */,
			);
		};
/* End PBXProject section */

/* Begin PBXResourcesBuildPhase section */
		3DA388E62252A431003A8937 /* Resources */ = {
			isa = PBXResourcesBuildPhase;
			buildActionMask = 2147483647;
			files = (
			);
			runOnlyForDeploymentPostprocessing = 0;
		};
		DC28B43A200E4353008B77AB /* Resources */ = {
			isa = PBXResourcesBuildPhase;
			buildActionMask = 2147483647;
			files = (
				DC28B442200E4353008B77AB /* art.scnassets in Resources */,
				DC28B44C200E4353008B77AB /* LaunchScreen.storyboard in Resources */,
				DC28B449200E4353008B77AB /* Assets.xcassets in Resources */,
				DC28B447200E4353008B77AB /* Main.storyboard in Resources */,
			);
			runOnlyForDeploymentPostprocessing = 0;
		};
/* End PBXResourcesBuildPhase section */

/* Begin PBXSourcesBuildPhase section */
		3DA388E42252A431003A8937 /* Sources */ = {
			isa = PBXSourcesBuildPhase;
			buildActionMask = 2147483647;
			files = (
				3DA388EB2252A431003A8937 /* ARPenTests.swift in Sources */,
			);
			runOnlyForDeploymentPostprocessing = 0;
		};
		DC28B438200E4353008B77AB /* Sources */ = {
			isa = PBXSourcesBuildPhase;
			buildActionMask = 2147483647;
			files = (
				3D486749224959F200EABD23 /* ARPPath.swift in Sources */,
				DC28B461200E46DC008B77AB /* Plugin.swift in Sources */,
				4A56953B20581B9000C8065E /* UserStudyRecordPluginProtocol.swift in Sources */,
				3D883669221B457C00672CEB /* ARPBox.swift in Sources */,
				4A895F0A2052791100CC2C8E /* CubeByDraggingPlugin.swift in Sources */,
				3D883663221AD84300672CEB /* Util.swift in Sources */,
				DC28B47A200E7E8A008B77AB /* MarkerBox.m in Sources */,
				4A5695342058195200C8065E /* UserStudyRecordsListTableViewController.swift in Sources */,
				3D3450822261F5650017DB39 /* ARPRevolution.swift in Sources */,
				3D883664221AD84300672CEB /* OCCTAPI.swift in Sources */,
				DC28B45F200E4561008B77AB /* PenManager.swift in Sources */,
				4A56953920581B6700C8065E /* UserStudyRecordManager.swift in Sources */,
				DC28B465200E4825008B77AB /* PenScene.swift in Sources */,
				4AC711C9204FDCE800CD4239 /* BluetoothDeviceListTableViewController.swift in Sources */,
				DC18B2BC202384D700884920 /* UserDefaultsKeys.swift in Sources */,
				DC28B45C200E4470008B77AB /* OpenCVWrapper.mm in Sources */,
				3D883660221AD84300672CEB /* ARPGeomNode.swift in Sources */,
				3D34508D2265C1850017DB39 /* LoftPlugin.swift in Sources */,
				3D34508522646D920017DB39 /* CurveDesigner.swift in Sources */,
				DC28B444200E4353008B77AB /* ViewController.swift in Sources */,
				3D88365F221AD84300672CEB /* ARPSphere.swift in Sources */,
				DC28B46D200E4E6E008B77AB /* MarkerBox.swift in Sources */,
				DC28B469200E4C43008B77AB /* CylinderLine.swift in Sources */,
				3D883662221AD84300672CEB /* ARPBoolNode.swift in Sources */,
				AA93510A224245CE002AEB00 /* ARMenusPlugin.swift in Sources */,
				4A59BA1E2244E66D00EA23E7 /* TranslationDemoPlugin.swift in Sources */,
				4A59BA232244E68800EA23E7 /* ARPenSceneConstructor.swift in Sources */,
				4A59BA262244E69400EA23E7 /* CombinationPlugin.swift in Sources */,
				4A59BA222244E68800EA23E7 /* ARPenDropTargetNode.swift in Sources */,
				DC28B46D200E4E6E008B77AB /* MarkerBox.swift in Sources */,
				DC28B469200E4C43008B77AB /* CylinderLine.swift in Sources */,
				4A59BA242244E68800EA23E7 /* ARPenBoxNode.swift in Sources */,
				AA93510C2242460D002AEB00 /* ARMenusSupportFile.swift in Sources */,
				4A895F0C2052D46000CC2C8E /* CubeByExtractionPlugin.swift in Sources */,
				DC28B454200E4389008B77AB /* ARManager.swift in Sources */,
				3D34508922647C7F0017DB39 /* RevolvePluginProfileAndAxis.swift in Sources */,
				4A5695322058192B00C8065E /* UserStudyIDListTableViewController.swift in Sources */,
				3DA388E32251F4CB003A8937 /* OCCT.mm in Sources */,
				3DE5191D22A9540C0005B73B /* RevolvePluginProfileAndCircle.swift in Sources */,
				3D48674B224A527200EABD23 /* ARPSweep.swift in Sources */,
				4A56953720581B4500C8065E /* UserStudyRecord.swift in Sources */,
				DC28B475200E64B7008B77AB /* ObjectCreationPlugin.swift in Sources */,
				DC28B473200E6025008B77AB /* SCNVector3Extensions.swift in Sources */,
				3D3AC4352269FAA800331696 /* ArrangePlugin.swift in Sources */,
				DC28B440200E4353008B77AB /* AppDelegate.swift in Sources */,
				DC28B463200E471F008B77AB /* PluginManager.swift in Sources */,
				3D34508F226617100017DB39 /* ARPLoft.swift in Sources */,
				DC28B467200E4BF1008B77AB /* PaintPlugin.swift in Sources */,
				4AC711C7204EDCBE00CD4239 /* SettingsTableViewController.swift in Sources */,
				3D26154E22569CB200D9F0F8 /* SweepPluginProfileAndPath.swift in Sources */,
				DC28B46B200E4C78008B77AB /* Button.swift in Sources */,
				3D68FCAA226A0F1A00C421AD /* DateExtensions.swift in Sources */,
				3D883661221AD84300672CEB /* ARPNode.swift in Sources */,
				3D345087226470D30017DB39 /* ButtonEvents.swift in Sources */,
				3DE5191B22A7DB850005B73B /* SweepPluginTwoProfiles.swift in Sources */,
				DC28B471200E592C008B77AB /* DegreesToRadians.swift in Sources */,
			);
			runOnlyForDeploymentPostprocessing = 0;
		};
/* End PBXSourcesBuildPhase section */

/* Begin PBXTargetDependency section */
		3DA388EE2252A431003A8937 /* PBXTargetDependency */ = {
			isa = PBXTargetDependency;
			target = DC28B43B200E4353008B77AB /* ARPen */;
			targetProxy = 3DA388ED2252A431003A8937 /* PBXContainerItemProxy */;
		};
/* End PBXTargetDependency section */

/* Begin PBXVariantGroup section */
		DC28B445200E4353008B77AB /* Main.storyboard */ = {
			isa = PBXVariantGroup;
			children = (
				DC28B446200E4353008B77AB /* Base */,
			);
			name = Main.storyboard;
			sourceTree = "<group>";
		};
		DC28B44A200E4353008B77AB /* LaunchScreen.storyboard */ = {
			isa = PBXVariantGroup;
			children = (
				DC28B44B200E4353008B77AB /* Base */,
			);
			name = LaunchScreen.storyboard;
			sourceTree = "<group>";
		};
/* End PBXVariantGroup section */

/* Begin XCBuildConfiguration section */
		3DA388EF2252A431003A8937 /* Debug */ = {
			isa = XCBuildConfiguration;
			buildSettings = {
				BUNDLE_LOADER = "$(TEST_HOST)";
				CLANG_ENABLE_OBJC_WEAK = YES;
				CLANG_WARN_DEPRECATED_OBJC_IMPLEMENTATIONS = YES;
				CLANG_WARN_OBJC_IMPLICIT_RETAIN_SELF = YES;
				CODE_SIGN_STYLE = Automatic;
				DEVELOPMENT_TEAM = H2V346B9W5;
				INFOPLIST_FILE = ARPenTests/Info.plist;
				IPHONEOS_DEPLOYMENT_TARGET = 12.2;
				LD_RUNPATH_SEARCH_PATHS = "$(inherited) @executable_path/Frameworks @loader_path/Frameworks";
				MTL_ENABLE_DEBUG_INFO = INCLUDE_SOURCE;
				MTL_FAST_MATH = YES;
				PRODUCT_BUNDLE_IDENTIFIER = com.komm.ARPenTests;
				PRODUCT_NAME = "$(TARGET_NAME)";
				SWIFT_VERSION = 5.0;
				TARGETED_DEVICE_FAMILY = "1,2";
				TEST_HOST = "$(BUILT_PRODUCTS_DIR)/ARPen.app/ARPen";
			};
			name = Debug;
		};
		3DA388F02252A431003A8937 /* Release */ = {
			isa = XCBuildConfiguration;
			buildSettings = {
				BUNDLE_LOADER = "$(TEST_HOST)";
				CLANG_ENABLE_OBJC_WEAK = YES;
				CLANG_WARN_DEPRECATED_OBJC_IMPLEMENTATIONS = YES;
				CLANG_WARN_OBJC_IMPLICIT_RETAIN_SELF = YES;
				CODE_SIGN_STYLE = Automatic;
				DEVELOPMENT_TEAM = H2V346B9W5;
				INFOPLIST_FILE = ARPenTests/Info.plist;
				IPHONEOS_DEPLOYMENT_TARGET = 12.2;
				LD_RUNPATH_SEARCH_PATHS = "$(inherited) @executable_path/Frameworks @loader_path/Frameworks";
				MTL_FAST_MATH = YES;
				PRODUCT_BUNDLE_IDENTIFIER = com.komm.ARPenTests;
				PRODUCT_NAME = "$(TARGET_NAME)";
				SWIFT_VERSION = 5.0;
				TARGETED_DEVICE_FAMILY = "1,2";
				TEST_HOST = "$(BUILT_PRODUCTS_DIR)/ARPen.app/ARPen";
			};
			name = Release;
		};
		DC28B44E200E4353008B77AB /* Debug */ = {
			isa = XCBuildConfiguration;
			buildSettings = {
				ALWAYS_SEARCH_USER_PATHS = NO;
				CLANG_ANALYZER_NONNULL = YES;
				CLANG_ANALYZER_NUMBER_OBJECT_CONVERSION = YES_AGGRESSIVE;
				CLANG_CXX_LANGUAGE_STANDARD = "gnu++14";
				CLANG_CXX_LIBRARY = "libc++";
				CLANG_ENABLE_MODULES = YES;
				CLANG_ENABLE_OBJC_ARC = YES;
				CLANG_WARN_BLOCK_CAPTURE_AUTORELEASING = YES;
				CLANG_WARN_BOOL_CONVERSION = YES;
				CLANG_WARN_COMMA = YES;
				CLANG_WARN_CONSTANT_CONVERSION = YES;
				CLANG_WARN_DIRECT_OBJC_ISA_USAGE = YES_ERROR;
				CLANG_WARN_DOCUMENTATION_COMMENTS = YES;
				CLANG_WARN_EMPTY_BODY = YES;
				CLANG_WARN_ENUM_CONVERSION = YES;
				CLANG_WARN_INFINITE_RECURSION = YES;
				CLANG_WARN_INT_CONVERSION = YES;
				CLANG_WARN_NON_LITERAL_NULL_CONVERSION = YES;
				CLANG_WARN_OBJC_LITERAL_CONVERSION = YES;
				CLANG_WARN_OBJC_ROOT_CLASS = YES_ERROR;
				CLANG_WARN_RANGE_LOOP_ANALYSIS = YES;
				CLANG_WARN_STRICT_PROTOTYPES = YES;
				CLANG_WARN_SUSPICIOUS_MOVE = YES;
				CLANG_WARN_UNGUARDED_AVAILABILITY = YES_AGGRESSIVE;
				CLANG_WARN_UNREACHABLE_CODE = YES;
				CLANG_WARN__DUPLICATE_METHOD_MATCH = YES;
				CODE_SIGN_IDENTITY = "iPhone Developer";
				COPY_PHASE_STRIP = NO;
				DEBUG_INFORMATION_FORMAT = dwarf;
				ENABLE_STRICT_OBJC_MSGSEND = YES;
				ENABLE_TESTABILITY = YES;
				GCC_C_LANGUAGE_STANDARD = gnu11;
				GCC_DYNAMIC_NO_PIC = NO;
				GCC_NO_COMMON_BLOCKS = YES;
				GCC_OPTIMIZATION_LEVEL = 0;
				GCC_PREPROCESSOR_DEFINITIONS = (
					"DEBUG=1",
					"$(inherited)",
				);
				GCC_WARN_64_TO_32_BIT_CONVERSION = YES;
				GCC_WARN_ABOUT_RETURN_TYPE = YES_ERROR;
				GCC_WARN_UNDECLARED_SELECTOR = YES;
				GCC_WARN_UNINITIALIZED_AUTOS = YES_AGGRESSIVE;
				GCC_WARN_UNUSED_FUNCTION = YES;
				GCC_WARN_UNUSED_VARIABLE = YES;
				IPHONEOS_DEPLOYMENT_TARGET = 11.2;
				MTL_ENABLE_DEBUG_INFO = YES;
				ONLY_ACTIVE_ARCH = YES;
				SDKROOT = iphoneos;
				SWIFT_ACTIVE_COMPILATION_CONDITIONS = DEBUG;
				SWIFT_OPTIMIZATION_LEVEL = "-Onone";
			};
			name = Debug;
		};
		DC28B44F200E4353008B77AB /* Release */ = {
			isa = XCBuildConfiguration;
			buildSettings = {
				ALWAYS_SEARCH_USER_PATHS = NO;
				CLANG_ANALYZER_NONNULL = YES;
				CLANG_ANALYZER_NUMBER_OBJECT_CONVERSION = YES_AGGRESSIVE;
				CLANG_CXX_LANGUAGE_STANDARD = "gnu++14";
				CLANG_CXX_LIBRARY = "libc++";
				CLANG_ENABLE_MODULES = YES;
				CLANG_ENABLE_OBJC_ARC = YES;
				CLANG_WARN_BLOCK_CAPTURE_AUTORELEASING = YES;
				CLANG_WARN_BOOL_CONVERSION = YES;
				CLANG_WARN_COMMA = YES;
				CLANG_WARN_CONSTANT_CONVERSION = YES;
				CLANG_WARN_DIRECT_OBJC_ISA_USAGE = YES_ERROR;
				CLANG_WARN_DOCUMENTATION_COMMENTS = YES;
				CLANG_WARN_EMPTY_BODY = YES;
				CLANG_WARN_ENUM_CONVERSION = YES;
				CLANG_WARN_INFINITE_RECURSION = YES;
				CLANG_WARN_INT_CONVERSION = YES;
				CLANG_WARN_NON_LITERAL_NULL_CONVERSION = YES;
				CLANG_WARN_OBJC_LITERAL_CONVERSION = YES;
				CLANG_WARN_OBJC_ROOT_CLASS = YES_ERROR;
				CLANG_WARN_RANGE_LOOP_ANALYSIS = YES;
				CLANG_WARN_STRICT_PROTOTYPES = YES;
				CLANG_WARN_SUSPICIOUS_MOVE = YES;
				CLANG_WARN_UNGUARDED_AVAILABILITY = YES_AGGRESSIVE;
				CLANG_WARN_UNREACHABLE_CODE = YES;
				CLANG_WARN__DUPLICATE_METHOD_MATCH = YES;
				CODE_SIGN_IDENTITY = "iPhone Developer";
				COPY_PHASE_STRIP = NO;
				DEBUG_INFORMATION_FORMAT = "dwarf-with-dsym";
				ENABLE_NS_ASSERTIONS = NO;
				ENABLE_STRICT_OBJC_MSGSEND = YES;
				GCC_C_LANGUAGE_STANDARD = gnu11;
				GCC_NO_COMMON_BLOCKS = YES;
				GCC_WARN_64_TO_32_BIT_CONVERSION = YES;
				GCC_WARN_ABOUT_RETURN_TYPE = YES_ERROR;
				GCC_WARN_UNDECLARED_SELECTOR = YES;
				GCC_WARN_UNINITIALIZED_AUTOS = YES_AGGRESSIVE;
				GCC_WARN_UNUSED_FUNCTION = YES;
				GCC_WARN_UNUSED_VARIABLE = YES;
				IPHONEOS_DEPLOYMENT_TARGET = 11.2;
				MTL_ENABLE_DEBUG_INFO = NO;
				SDKROOT = iphoneos;
				SWIFT_OPTIMIZATION_LEVEL = "-Owholemodule";
				VALIDATE_PRODUCT = YES;
			};
			name = Release;
		};
		DC28B451200E4353008B77AB /* Debug */ = {
			isa = XCBuildConfiguration;
			buildSettings = {
				ASSETCATALOG_COMPILER_APPICON_NAME = AppIcon;
				CLANG_ENABLE_MODULES = YES;
				CODE_SIGN_STYLE = Automatic;
				DEVELOPMENT_TEAM = H2V346B9W5;
				FRAMEWORK_SEARCH_PATHS = (
					"$(inherited)",
					"$(PROJECT_DIR)/ARPen",
					"$(PROJECT_DIR)",
				);
				HEADER_SEARCH_PATHS = "/Users/jan/opencascade-7.3.0/inc";
				INFOPLIST_FILE = ARPen/Info.plist;
				LD_RUNPATH_SEARCH_PATHS = "$(inherited) @executable_path/Frameworks";
				LIBRARY_SEARCH_PATHS = "/Users/jan/opencascade-7.3.0/samples/ios/occt/lib";
				PRODUCT_BUNDLE_IDENTIFIER = com.komm.ARPen;
				PRODUCT_NAME = "$(TARGET_NAME)";
				SWIFT_OBJC_BRIDGING_HEADER = "ARPen/ARPen-Bridging-Header.h";
				SWIFT_OPTIMIZATION_LEVEL = "-Onone";
				SWIFT_VERSION = 4.0;
				TARGETED_DEVICE_FAMILY = "1,2";
			};
			name = Debug;
		};
		DC28B452200E4353008B77AB /* Release */ = {
			isa = XCBuildConfiguration;
			buildSettings = {
				ASSETCATALOG_COMPILER_APPICON_NAME = AppIcon;
				CLANG_ENABLE_MODULES = YES;
				CODE_SIGN_STYLE = Automatic;
				DEVELOPMENT_TEAM = H2V346B9W5;
				FRAMEWORK_SEARCH_PATHS = (
					"$(inherited)",
					"$(PROJECT_DIR)/ARPen",
					"$(PROJECT_DIR)",
				);
				HEADER_SEARCH_PATHS = "/Users/jan/opencascade-7.3.0/inc";
				INFOPLIST_FILE = ARPen/Info.plist;
				LD_RUNPATH_SEARCH_PATHS = "$(inherited) @executable_path/Frameworks";
				LIBRARY_SEARCH_PATHS = "/Users/jan/opencascade-7.3.0/samples/ios/occt/lib";
				PRODUCT_BUNDLE_IDENTIFIER = com.komm.ARPen;
				PRODUCT_NAME = "$(TARGET_NAME)";
				SWIFT_OBJC_BRIDGING_HEADER = "ARPen/ARPen-Bridging-Header.h";
				SWIFT_VERSION = 4.0;
				TARGETED_DEVICE_FAMILY = "1,2";
			};
			name = Release;
		};
/* End XCBuildConfiguration section */

/* Begin XCConfigurationList section */
		3DA388F12252A431003A8937 /* Build configuration list for PBXNativeTarget "ARPenTests" */ = {
			isa = XCConfigurationList;
			buildConfigurations = (
				3DA388EF2252A431003A8937 /* Debug */,
				3DA388F02252A431003A8937 /* Release */,
			);
			defaultConfigurationIsVisible = 0;
			defaultConfigurationName = Release;
		};
		DC28B437200E4353008B77AB /* Build configuration list for PBXProject "ARPen" */ = {
			isa = XCConfigurationList;
			buildConfigurations = (
				DC28B44E200E4353008B77AB /* Debug */,
				DC28B44F200E4353008B77AB /* Release */,
			);
			defaultConfigurationIsVisible = 0;
			defaultConfigurationName = Release;
		};
		DC28B450200E4353008B77AB /* Build configuration list for PBXNativeTarget "ARPen" */ = {
			isa = XCConfigurationList;
			buildConfigurations = (
				DC28B451200E4353008B77AB /* Debug */,
				DC28B452200E4353008B77AB /* Release */,
			);
			defaultConfigurationIsVisible = 0;
			defaultConfigurationName = Release;
		};
/* End XCConfigurationList section */
	};
	rootObject = DC28B434200E4353008B77AB /* Project object */;
}
